
Microsoft Visual Studio Solution File, Format Version 12.00
# Visual Studio Version 16
VisualStudioVersion = 16.0.31321.278
MinimumVisualStudioVersion = 10.0.40219.1
Project("{FAE04EC0-301F-11D3-BF4B-00C04F79EFBC}") = "Bean Bag", "Bean Bag.csproj", "{1A20B741-4493-4102-A177-236B32AD82F4}"
EndProject
Global
	GlobalSection(SolutionConfigurationPlatforms) = preSolution
		Debug|Any CPU = Debug|Any CPU
		Release|Any CPU = Release|Any CPU
	EndGlobalSection
	GlobalSection(ProjectConfigurationPlatforms) = postSolution
		{1A20B741-4493-4102-A177-236B32AD82F4}.Debug|Any CPU.ActiveCfg = Debug|Any CPU
		{1A20B741-4493-4102-A177-236B32AD82F4}.Debug|Any CPU.Build.0 = Debug|Any CPU
		{1A20B741-4493-4102-A177-236B32AD82F4}.Release|Any CPU.ActiveCfg = Release|Any CPU
		{1A20B741-4493-4102-A177-236B32AD82F4}.Release|Any CPU.Build.0 = Release|Any CPU
	EndGlobalSection
	GlobalSection(SolutionProperties) = preSolution
		HideSolutionNode = FALSE
	EndGlobalSection
	GlobalSection(ExtensibilityGlobals) = postSolution
		SolutionGuid = {44EAF60B-CA04-42E0-BDEA-729A2039B19B}
	EndGlobalSection
EndGlobal
